
Microsoft Visual Studio Solution File, Format Version 12.00
# Visual Studio Version 16
VisualStudioVersion = 16.0.31702.278
MinimumVisualStudioVersion = 10.0.40219.1
Project("{8BC9CEB8-8B4A-11D0-8D11-00A0C91BC942}") = "AnimDefReader", "AnimDefReader.vcxproj", "{9042B325-F25F-41D2-A1E8-609D631B759B}"
EndProject
Global
	GlobalSection(SolutionConfigurationPlatforms) = preSolution
		Debug|x64 = Debug|x64
		Debug|x86 = Debug|x86
		Release|x64 = Release|x64
		Release|x86 = Release|x86
	EndGlobalSection
	GlobalSection(ProjectConfigurationPlatforms) = postSolution
		{9042B325-F25F-41D2-A1E8-609D631B759B}.Debug|x64.ActiveCfg = Debug|x64
		{9042B325-F25F-41D2-A1E8-609D631B759B}.Debug|x64.Build.0 = Debug|x64
		{9042B325-F25F-41D2-A1E8-609D631B759B}.Debug|x86.ActiveCfg = Debug|Win32
		{9042B325-F25F-41D2-A1E8-609D631B759B}.Debug|x86.Build.0 = Debug|Win32
		{9042B325-F25F-41D2-A1E8-609D631B759B}.Release|x64.ActiveCfg = Release|x64
		{9042B325-F25F-41D2-A1E8-609D631B759B}.Release|x64.Build.0 = Release|x64
		{9042B325-F25F-41D2-A1E8-609D631B759B}.Release|x86.ActiveCfg = Release|Win32
		{9042B325-F25F-41D2-A1E8-609D631B759B}.Release|x86.Build.0 = Release|Win32
	EndGlobalSection
	GlobalSection(SolutionProperties) = preSolution
		HideSolutionNode = FALSE
	EndGlobalSection
	GlobalSection(ExtensibilityGlobals) = postSolution
		SolutionGuid = {7B977774-0DAE-4888-A959-F4CBD0004ED1}
	EndGlobalSection
EndGlobal
