<?xml version="1.0" encoding="utf-8"?>
<Project ToolsVersion="4.0" xmlns="http://schemas.microsoft.com/developer/msbuild/2003">
  <ItemGroup>
    <Filter Include="Source">
      <UniqueIdentifier>{43f0ddfc-089e-4af5-a875-bd067e2a8f8e}</UniqueIdentifier>
    </Filter>
    <Filter Include="Debug/CLI_Runner">
      <UniqueIdentifier>{fb2022cc-901d-4e7e-970d-7ae5773c35c9}</UniqueIdentifier>
    </Filter>
    <Filter Include="Utilities">
      <UniqueIdentifier>{3a275d57-db09-4c08-959b-0d1999c3e0ad}</UniqueIdentifier>
    </Filter>
    <Filter Include="Utilities\Compress">
      <UniqueIdentifier>{83521709-b360-4637-b1be-738e2c9e3adb}</UniqueIdentifier>
    </Filter>
    <Filter Include="Utilities\Compress\ZLIB">
      <UniqueIdentifier>{81cd32c0-8514-4123-beeb-d6a6135d8f38}</UniqueIdentifier>
    </Filter>
  </ItemGroup>
  <ItemGroup>
    <ClCompile Include="src\BinaryIO.cpp">
      <Filter>Utilities</Filter>
    </ClCompile>
    <ClCompile Include="include\compression\zcompress.cpp">
      <Filter>Utilities\Compress</Filter>
    </ClCompile>
    <ClCompile Include="include\compression\zlib\compress.c">
      <Filter>Utilities\Compress\ZLIB</Filter>
    </ClCompile>
    <ClCompile Include="include\compression\zlib\crc32.c">
      <Filter>Utilities\Compress\ZLIB</Filter>
    </ClCompile>
    <ClCompile Include="include\compression\zlib\deflate.c">
      <Filter>Utilities\Compress\ZLIB</Filter>
    </ClCompile>
    <ClCompile Include="include\compression\zlib\gzclose.c">
      <Filter>Utilities\Compress\ZLIB</Filter>
    </ClCompile>
    <ClCompile Include="include\compression\zlib\gzlib.c">
      <Filter>Utilities\Compress\ZLIB</Filter>
    </ClCompile>
    <ClCompile Include="include\compression\zlib\gzread.c">
      <Filter>Utilities\Compress\ZLIB</Filter>
    </ClCompile>
    <ClCompile Include="include\compression\zlib\gzwrite.c">
      <Filter>Utilities\Compress\ZLIB</Filter>
    </ClCompile>
    <ClCompile Include="include\compression\zlib\infback.c">
      <Filter>Utilities\Compress\ZLIB</Filter>
    </ClCompile>
    <ClCompile Include="include\compression\zlib\inffast.c">
      <Filter>Utilities\Compress\ZLIB</Filter>
    </ClCompile>
    <ClCompile Include="include\compression\zlib\inflate.c">
      <Filter>Utilities\Compress\ZLIB</Filter>
    </ClCompile>
    <ClCompile Include="include\compression\zlib\inftrees.c">
      <Filter>Utilities\Compress\ZLIB</Filter>
    </ClCompile>
    <ClCompile Include="include\compression\zlib\trees.c">
      <Filter>Utilities\Compress\ZLIB</Filter>
    </ClCompile>
    <ClCompile Include="include\compression\zlib\uncompr.c">
      <Filter>Utilities\Compress\ZLIB</Filter>
    </ClCompile>
    <ClCompile Include="include\compression\zlib\zutil.c">
      <Filter>Utilities\Compress\ZLIB</Filter>
    </ClCompile>
    <ClCompile Include="include\compression\zlib\adler32.c">
      <Filter>Utilities\Compress\ZLIB</Filter>
    </ClCompile>
    <ClCompile Include="src\main.cpp">
      <Filter>Debug/CLI_Runner</Filter>
    </ClCompile>
    <ClCompile Include="src\DefsEncoder.cpp">
      <Filter>Source</Filter>
    </ClCompile>
    <ClCompile Include="src\DefsReader.cpp">
      <Filter>Source</Filter>
    </ClCompile>
    <ClCompile Include="src\StateNode.cpp">
      <Filter>Source</Filter>
    </ClCompile>
    <ClCompile Include="src\Definition.cpp">
      <Filter>Source</Filter>
    </ClCompile>
  </ItemGroup>
  <ItemGroup>
    <ClInclude Include="src\BinaryIO.h">
      <Filter>Utilities</Filter>
    </ClInclude>
    <ClInclude Include="include\compression\zcompress.h">
      <Filter>Utilities\Compress</Filter>
    </ClInclude>
    <ClInclude Include="include\compression\zlib\crc32.h">
      <Filter>Utilities\Compress\ZLIB</Filter>
    </ClInclude>
    <ClInclude Include="include\compression\zlib\deflate.h">
      <Filter>Utilities\Compress\ZLIB</Filter>
    </ClInclude>
    <ClInclude Include="include\compression\zlib\gzguts.h">
      <Filter>Utilities\Compress\ZLIB</Filter>
    </ClInclude>
    <ClInclude Include="include\compression\zlib\inffast.h">
      <Filter>Utilities\Compress\ZLIB</Filter>
    </ClInclude>
    <ClInclude Include="include\compression\zlib\inffixed.h">
      <Filter>Utilities\Compress\ZLIB</Filter>
    </ClInclude>
    <ClInclude Include="include\compression\zlib\inflate.h">
      <Filter>Utilities\Compress\ZLIB</Filter>
    </ClInclude>
    <ClInclude Include="include\compression\zlib\inftrees.h">
      <Filter>Utilities\Compress\ZLIB</Filter>
    </ClInclude>
    <ClInclude Include="include\compression\zlib\trees.h">
      <Filter>Utilities\Compress\ZLIB</Filter>
    </ClInclude>
    <ClInclude Include="include\compression\zlib\zconf.h">
      <Filter>Utilities\Compress\ZLIB</Filter>
    </ClInclude>
    <ClInclude Include="include\compression\zlib\zlib.h">
      <Filter>Utilities\Compress\ZLIB</Filter>
    </ClInclude>
    <ClInclude Include="include\compression\zlib\zutil.h">
      <Filter>Utilities\Compress\ZLIB</Filter>
    </ClInclude>
    <ClInclude Include="src\DefsEncoder.h">
      <Filter>Source</Filter>
    </ClInclude>
    <ClInclude Include="src\DefsReader.h">
      <Filter>Source</Filter>
    </ClInclude>
    <ClInclude Include="src\StateNode.h">
      <Filter>Source</Filter>
    </ClInclude>
    <ClInclude Include="src\AnimNode.h">
      <Filter>Source</Filter>
    </ClInclude>
    <ClInclude Include="src\Definition.h">
      <Filter>Source</Filter>
    </ClInclude>
  </ItemGroup>
</Project>